
Microsoft Visual Studio Solution File, Format Version 12.00
# Visual Studio Version 17
VisualStudioVersion = 17.5.002.0
MinimumVisualStudioVersion = 10.0.40219.1
Project("{9A19103F-16F7-4668-BE54-9A1E7A4F7556}") = "dotnet", "dotnet\dotnet.csproj", "{245A8443-DDEC-4177-AE82-4EA4BBAF3CBF}"
EndProject
Global
	GlobalSection(SolutionConfigurationPlatforms) = preSolution
		Debug|Any CPU = Debug|Any CPU
		Release|Any CPU = Release|Any CPU
	EndGlobalSection
	GlobalSection(ProjectConfigurationPlatforms) = postSolution
		{245A8443-DDEC-4177-AE82-4EA4BBAF3CBF}.Debug|Any CPU.ActiveCfg = Debug|Any CPU
		{245A8443-DDEC-4177-AE82-4EA4BBAF3CBF}.Debug|Any CPU.Build.0 = Debug|Any CPU
		{245A8443-DDEC-4177-AE82-4EA4BBAF3CBF}.Release|Any CPU.ActiveCfg = Release|Any CPU
		{245A8443-DDEC-4177-AE82-4EA4BBAF3CBF}.Release|Any CPU.Build.0 = Release|Any CPU
	EndGlobalSection
	GlobalSection(SolutionProperties) = preSolution
		HideSolutionNode = FALSE
	EndGlobalSection
	GlobalSection(ExtensibilityGlobals) = postSolution
		SolutionGuid = {43F162E0-E3D3-48F8-B061-8C88AFB8DE1C}
	EndGlobalSection
EndGlobal
